
Microsoft Visual Studio Solution File, Format Version 12.00
# Visual Studio 15
VisualStudioVersion = 15.0.28307.421
MinimumVisualStudioVersion = 10.0.40219.1
Project("{8BC9CEB8-8B4A-11D0-8D11-00A0C91BC942}") = "runner", "src\runner\runner.vcxproj", "{9412D5C6-2CF2-4FC2-A601-B55508EA9B27}"
	ProjectSection(ProjectDependencies) = postProject
		{5034142A-C50E-404B-B794-A5C4144E9AFE} = {5034142A-C50E-404B-B794-A5C4144E9AFE}
		{74485049-C722-400F-ABE5-86AC52D929B3} = {74485049-C722-400F-ABE5-86AC52D929B3}
		{44CC9375-3E6E-4D99-8913-7FB748807EBD} = {44CC9375-3E6E-4D99-8913-7FB748807EBD}
		{A46629C4-1A6C-40FA-A8B6-10E5102BB0BA} = {A46629C4-1A6C-40FA-A8B6-10E5102BB0BA}
	EndProjectSection
EndProject
Project("{930C7802-8A8C-48F9-8165-68863BCCD9DD}") = "PowerToysSetup", "installer\PowerToysSetup\PowerToysSetup.wixproj", "{022A9D30-7C4F-416D-A9DF-5FF2661CC0AD}"
	ProjectSection(ProjectDependencies) = postProject
		{74485049-C722-400F-ABE5-86AC52D929B3} = {74485049-C722-400F-ABE5-86AC52D929B3}
		{44CC9375-3E6E-4D99-8913-7FB748807EBD} = {44CC9375-3E6E-4D99-8913-7FB748807EBD}
		{A46629C4-1A6C-40FA-A8B6-10E5102BB0BA} = {A46629C4-1A6C-40FA-A8B6-10E5102BB0BA}
	EndProjectSection
EndProject
Project("{8BC9CEB8-8B4A-11D0-8D11-00A0C91BC942}") = "PowerToysSetupCustomActions", "installer\PowerToysSetupCustomActions\PowerToysSetupCustomActions.vcxproj", "{32F3882B-F2D6-4586-B5ED-11E39E522BD3}"
EndProject
Project("{8BC9CEB8-8B4A-11D0-8D11-00A0C91BC942}") = "utils", "src\utils\utils.vcxproj", "{74485049-C722-400F-ABE5-86AC52D929B3}"
EndProject
Project("{8BC9CEB8-8B4A-11D0-8D11-00A0C91BC942}") = "shortcut_guide", "src\modules\shortcut_guide\shortcut_guide.vcxproj", "{A46629C4-1A6C-40FA-A8B6-10E5102BB0BA}"
EndProject
Project("{8BC9CEB8-8B4A-11D0-8D11-00A0C91BC942}") = "example_powertoy", "src\modules\example_powertoy\example_powertoy.vcxproj", "{44CC9375-3E6E-4D99-8913-7FB748807EBD}"
EndProject
Project("{2150E333-8FDC-42A3-9474-1A3956D46DE8}") = "modules", "modules", "{4574FDD0-F61D-4376-98BF-E5A1262C11EC}"
EndProject
Project("{2150E333-8FDC-42A3-9474-1A3956D46DE8}") = "installer", "installer", "{A30833E4-8711-4C2E-8EB8-16B62BAA67CD}"
EndProject
Project("{2150E333-8FDC-42A3-9474-1A3956D46DE8}") = "powertoys", "powertoys", "{BDA02A7F-26A0-4545-8811-9A7BB2B94924}"
EndProject
Project("{2150E333-8FDC-42A3-9474-1A3956D46DE8}") = "interface", "interface", "{3BB8493E-D18E-4485-A320-CB40F90F55AE}"
	ProjectSection(SolutionItems) = preProject
		src\modules\interface\lowlevel_keyboard_event_data.h = src\modules\interface\lowlevel_keyboard_event_data.h
		src\modules\interface\powertoy_module_interface.h = src\modules\interface\powertoy_module_interface.h
	EndProjectSection
EndProject
Project("{8BC9CEB8-8B4A-11D0-8D11-00A0C91BC942}") = "maximize_to_new_desktop", "src\modules\maximize_to_new_desktop\maximize_to_new_desktop.vcxproj", "{5034142A-C50E-404B-B794-A5C4144E9AFE}"
EndProject
Project("{2150E333-8FDC-42A3-9474-1A3956D46DE8}") = "common", "common", "{3EC8D046-19E4-4463-A64D-0E6D174D57FA}"
EndProject
Project("{2150E333-8FDC-42A3-9474-1A3956D46DE8}") = "Telemetry", "Telemetry", "{DCFC23F0-704E-4BC6-9977-3C23ADC078CB}"
	ProjectSection(SolutionItems) = preProject
		src\common\Telemetry\ProjectTelemetry.h = src\common\Telemetry\ProjectTelemetry.h
		src\common\Telemetry\TraceLoggingDefines.h = src\common\Telemetry\TraceLoggingDefines.h
	EndProjectSection
EndProject
Global
	GlobalSection(SolutionConfigurationPlatforms) = preSolution
		Debug|x64 = Debug|x64
		Debug|x86 = Debug|x86
		Release|x64 = Release|x64
		Release|x86 = Release|x86
	EndGlobalSection
	GlobalSection(ProjectConfigurationPlatforms) = postSolution
		{9412D5C6-2CF2-4FC2-A601-B55508EA9B27}.Debug|x64.ActiveCfg = Debug|x64
		{9412D5C6-2CF2-4FC2-A601-B55508EA9B27}.Debug|x64.Build.0 = Debug|x64
		{9412D5C6-2CF2-4FC2-A601-B55508EA9B27}.Debug|x86.ActiveCfg = Debug|Win32
		{9412D5C6-2CF2-4FC2-A601-B55508EA9B27}.Debug|x86.Build.0 = Debug|Win32
		{9412D5C6-2CF2-4FC2-A601-B55508EA9B27}.Release|x64.ActiveCfg = Release|x64
		{9412D5C6-2CF2-4FC2-A601-B55508EA9B27}.Release|x64.Build.0 = Release|x64
		{9412D5C6-2CF2-4FC2-A601-B55508EA9B27}.Release|x86.ActiveCfg = Release|Win32
		{9412D5C6-2CF2-4FC2-A601-B55508EA9B27}.Release|x86.Build.0 = Release|Win32
		{022A9D30-7C4F-416D-A9DF-5FF2661CC0AD}.Debug|x64.ActiveCfg = Debug|x86
		{022A9D30-7C4F-416D-A9DF-5FF2661CC0AD}.Debug|x64.Build.0 = Debug|x86
		{022A9D30-7C4F-416D-A9DF-5FF2661CC0AD}.Debug|x86.ActiveCfg = Debug|x86
		{022A9D30-7C4F-416D-A9DF-5FF2661CC0AD}.Debug|x86.Build.0 = Debug|x86
		{022A9D30-7C4F-416D-A9DF-5FF2661CC0AD}.Release|x64.ActiveCfg = Release|x86
		{022A9D30-7C4F-416D-A9DF-5FF2661CC0AD}.Release|x64.Build.0 = Release|x86
		{022A9D30-7C4F-416D-A9DF-5FF2661CC0AD}.Release|x86.ActiveCfg = Release|x86
		{022A9D30-7C4F-416D-A9DF-5FF2661CC0AD}.Release|x86.Build.0 = Release|x86
		{32F3882B-F2D6-4586-B5ED-11E39E522BD3}.Debug|x64.ActiveCfg = Debug|Win32
		{32F3882B-F2D6-4586-B5ED-11E39E522BD3}.Debug|x64.Build.0 = Debug|Win32
		{32F3882B-F2D6-4586-B5ED-11E39E522BD3}.Debug|x86.ActiveCfg = Debug|Win32
		{32F3882B-F2D6-4586-B5ED-11E39E522BD3}.Debug|x86.Build.0 = Debug|Win32
		{32F3882B-F2D6-4586-B5ED-11E39E522BD3}.Release|x64.ActiveCfg = Release|Win32
		{32F3882B-F2D6-4586-B5ED-11E39E522BD3}.Release|x64.Build.0 = Release|Win32
		{32F3882B-F2D6-4586-B5ED-11E39E522BD3}.Release|x86.ActiveCfg = Release|Win32
		{32F3882B-F2D6-4586-B5ED-11E39E522BD3}.Release|x86.Build.0 = Release|Win32
		{74485049-C722-400F-ABE5-86AC52D929B3}.Debug|x64.ActiveCfg = Debug|x64
		{74485049-C722-400F-ABE5-86AC52D929B3}.Debug|x64.Build.0 = Debug|x64
		{74485049-C722-400F-ABE5-86AC52D929B3}.Debug|x86.ActiveCfg = Debug|Win32
		{74485049-C722-400F-ABE5-86AC52D929B3}.Debug|x86.Build.0 = Debug|Win32
		{74485049-C722-400F-ABE5-86AC52D929B3}.Release|x64.ActiveCfg = Release|x64
		{74485049-C722-400F-ABE5-86AC52D929B3}.Release|x64.Build.0 = Release|x64
		{74485049-C722-400F-ABE5-86AC52D929B3}.Release|x86.ActiveCfg = Release|Win32
		{74485049-C722-400F-ABE5-86AC52D929B3}.Release|x86.Build.0 = Release|Win32
		{A46629C4-1A6C-40FA-A8B6-10E5102BB0BA}.Debug|x64.ActiveCfg = Debug|x64
		{A46629C4-1A6C-40FA-A8B6-10E5102BB0BA}.Debug|x64.Build.0 = Debug|x64
		{A46629C4-1A6C-40FA-A8B6-10E5102BB0BA}.Debug|x86.ActiveCfg = Debug|Win32
		{A46629C4-1A6C-40FA-A8B6-10E5102BB0BA}.Debug|x86.Build.0 = Debug|Win32
		{A46629C4-1A6C-40FA-A8B6-10E5102BB0BA}.Release|x64.ActiveCfg = Release|x64
		{A46629C4-1A6C-40FA-A8B6-10E5102BB0BA}.Release|x64.Build.0 = Release|x64
		{A46629C4-1A6C-40FA-A8B6-10E5102BB0BA}.Release|x86.ActiveCfg = Release|Win32
		{A46629C4-1A6C-40FA-A8B6-10E5102BB0BA}.Release|x86.Build.0 = Release|Win32
		{44CC9375-3E6E-4D99-8913-7FB748807EBD}.Debug|x64.ActiveCfg = Debug|x64
		{44CC9375-3E6E-4D99-8913-7FB748807EBD}.Debug|x64.Build.0 = Debug|x64
		{44CC9375-3E6E-4D99-8913-7FB748807EBD}.Debug|x86.ActiveCfg = Debug|Win32
		{44CC9375-3E6E-4D99-8913-7FB748807EBD}.Debug|x86.Build.0 = Debug|Win32
		{44CC9375-3E6E-4D99-8913-7FB748807EBD}.Release|x64.ActiveCfg = Release|x64
		{44CC9375-3E6E-4D99-8913-7FB748807EBD}.Release|x64.Build.0 = Release|x64
		{44CC9375-3E6E-4D99-8913-7FB748807EBD}.Release|x86.ActiveCfg = Release|Win32
		{44CC9375-3E6E-4D99-8913-7FB748807EBD}.Release|x86.Build.0 = Release|Win32
		{5034142A-C50E-404B-B794-A5C4144E9AFE}.Debug|x64.ActiveCfg = Debug|x64
		{5034142A-C50E-404B-B794-A5C4144E9AFE}.Debug|x64.Build.0 = Debug|x64
		{5034142A-C50E-404B-B794-A5C4144E9AFE}.Debug|x86.ActiveCfg = Debug|Win32
		{5034142A-C50E-404B-B794-A5C4144E9AFE}.Debug|x86.Build.0 = Debug|Win32
		{5034142A-C50E-404B-B794-A5C4144E9AFE}.Release|x64.ActiveCfg = Release|x64
		{5034142A-C50E-404B-B794-A5C4144E9AFE}.Release|x64.Build.0 = Release|x64
		{5034142A-C50E-404B-B794-A5C4144E9AFE}.Release|x86.ActiveCfg = Release|Win32
		{5034142A-C50E-404B-B794-A5C4144E9AFE}.Release|x86.Build.0 = Release|Win32
	EndGlobalSection
	GlobalSection(SolutionProperties) = preSolution
		HideSolutionNode = FALSE
	EndGlobalSection
	GlobalSection(NestedProjects) = preSolution
		{9412D5C6-2CF2-4FC2-A601-B55508EA9B27} = {BDA02A7F-26A0-4545-8811-9A7BB2B94924}
		{022A9D30-7C4F-416D-A9DF-5FF2661CC0AD} = {A30833E4-8711-4C2E-8EB8-16B62BAA67CD}
		{32F3882B-F2D6-4586-B5ED-11E39E522BD3} = {A30833E4-8711-4C2E-8EB8-16B62BAA67CD}
		{74485049-C722-400F-ABE5-86AC52D929B3} = {BDA02A7F-26A0-4545-8811-9A7BB2B94924}
		{A46629C4-1A6C-40FA-A8B6-10E5102BB0BA} = {4574FDD0-F61D-4376-98BF-E5A1262C11EC}
		{44CC9375-3E6E-4D99-8913-7FB748807EBD} = {4574FDD0-F61D-4376-98BF-E5A1262C11EC}
		{4574FDD0-F61D-4376-98BF-E5A1262C11EC} = {BDA02A7F-26A0-4545-8811-9A7BB2B94924}
		{3BB8493E-D18E-4485-A320-CB40F90F55AE} = {4574FDD0-F61D-4376-98BF-E5A1262C11EC}
		{5034142A-C50E-404B-B794-A5C4144E9AFE} = {4574FDD0-F61D-4376-98BF-E5A1262C11EC}
		{3EC8D046-19E4-4463-A64D-0E6D174D57FA} = {BDA02A7F-26A0-4545-8811-9A7BB2B94924}
		{DCFC23F0-704E-4BC6-9977-3C23ADC078CB} = {3EC8D046-19E4-4463-A64D-0E6D174D57FA}
	EndGlobalSection
	GlobalSection(ExtensibilityGlobals) = postSolution
		SolutionGuid = {C3A2F9D1-7930-4EF4-A6FC-7EE0A99821D0}
	EndGlobalSection
EndGlobal
