<?xml version="1.0" encoding="utf-8"?>
<Project ToolsVersion="4.0" xmlns="http://schemas.microsoft.com/developer/msbuild/2003">
  <ItemGroup>
    <ClCompile Include="pch.cpp" />
    <ClCompile Include="dllmain.cpp" />
    <ClCompile Include="mouse_track_events.cpp">
      <Filter>Source Files</Filter>
    </ClCompile>
    <ClCompile Include="mouse_watcher.cpp">
      <Filter>Source Files</Filter>
    </ClCompile>
    <ClCompile Include="virtual_desktops.cpp">
      <Filter>Source Files</Filter>
    </ClCompile>
    <ClCompile Include="window_manager_popup.cpp">
      <Filter>Source Files</Filter>
    </ClCompile>
  </ItemGroup>
  <ItemGroup>
    <ClInclude Include="pch.h" />
    <ClInclude Include="mouse_track_events.h">
      <Filter>Header Files</Filter>
    </ClInclude>
    <ClInclude Include="mouse_watcher.h">
      <Filter>Header Files</Filter>
    </ClInclude>
    <ClInclude Include="virtual_desktops.h">
      <Filter>Header Files</Filter>
    </ClInclude>
    <ClInclude Include="window_manager_popup.h">
      <Filter>Header Files</Filter>
    </ClInclude>
  </ItemGroup>
  <ItemGroup>
    <Filter Include="Header Files">
      <UniqueIdentifier>{2473e1cc-e913-4368-9ec3-3929874c949d}</UniqueIdentifier>
    </Filter>
    <Filter Include="Source Files">
      <UniqueIdentifier>{5fe85b0e-dca4-4211-ac18-291f58f40a56}</UniqueIdentifier>
    </Filter>
  </ItemGroup>
</Project>