<?xml version="1.0" encoding="utf-8"?>
<Project ToolsVersion="4.0" xmlns="http://schemas.microsoft.com/developer/msbuild/2003">
  <ItemGroup>
    <ClCompile Include="main.cpp" />
    <ClCompile Include="keyboard_watcher.cpp">
      <Filter>Utils</Filter>
    </ClCompile>
    <ClCompile Include="utils.cpp">
      <Filter>Utils</Filter>
    </ClCompile>
    <ClCompile Include="winkey_handler.cpp">
      <Filter>Functionality</Filter>
    </ClCompile>
    <ClCompile Include="mouse_watcher.cpp">
      <Filter>Utils</Filter>
    </ClCompile>
    <ClCompile Include="mouse_handler.cpp">
      <Filter>Functionality</Filter>
    </ClCompile>
    <ClCompile Include="monitors.cpp">
      <Filter>Utils</Filter>
    </ClCompile>
    <ClCompile Include="start_visible.cpp">
      <Filter>Utils</Filter>
    </ClCompile>
    <ClCompile Include="pch.cpp" />
    <ClCompile Include="virtual_desktops.cpp">
      <Filter>Utils</Filter>
    </ClCompile>
    <ClCompile Include="tasklist_positions.cpp">
      <Filter>Utils</Filter>
    </ClCompile>
    <ClCompile Include="unhandled_exception_handler.cpp">
      <Filter>Utils</Filter>
    </ClCompile>
    <ClCompile Include="tray_icon.cpp">
      <Filter>Functionality</Filter>
    </ClCompile>
    <ClCompile Include="mouse_track_events.cpp">
      <Filter>Utils</Filter>
    </ClCompile>
    <ClCompile Include="d2d_svg.cpp">
      <Filter>D2DWindows</Filter>
    </ClCompile>
    <ClCompile Include="d2d_text.cpp">
      <Filter>D2DWindows</Filter>
    </ClCompile>
    <ClCompile Include="d2d_window.cpp">
      <Filter>D2DWindows</Filter>
    </ClCompile>
    <ClCompile Include="d2d_window_manager_popup.cpp">
      <Filter>D2DWindows</Filter>
    </ClCompile>
    <ClCompile Include="d2d_overlay_window.cpp">
      <Filter>D2DWindows</Filter>
    </ClCompile>
    <ClCompile Include="animation.cpp">
      <Filter>Utils</Filter>
    </ClCompile>
    <ClCompile Include="windows_colors.cpp">
      <Filter>Utils</Filter>
    </ClCompile>
  </ItemGroup>
  <ItemGroup>
    <ClInclude Include="keyboard_watcher.h">
      <Filter>Utils</Filter>
    </ClInclude>
    <ClInclude Include="utils.h">
      <Filter>Utils</Filter>
    </ClInclude>
    <ClInclude Include="functionalities.h">
      <Filter>Functionality</Filter>
    </ClInclude>
    <ClInclude Include="mouse_watcher.h">
      <Filter>Utils</Filter>
    </ClInclude>
    <ClInclude Include="monitors.h">
      <Filter>Utils</Filter>
    </ClInclude>
    <ClInclude Include="start_visible.h">
      <Filter>Utils</Filter>
    </ClInclude>
    <ClInclude Include="pch.h" />
    <ClInclude Include="virtual_desktops.h">
      <Filter>Utils</Filter>
    </ClInclude>
    <ClInclude Include="tasklist_positions.h">
      <Filter>Utils</Filter>
    </ClInclude>
    <ClInclude Include="unhandled_exception_handler.h">
      <Filter>Utils</Filter>
    </ClInclude>
    <ClInclude Include="resource.h" />
    <ClInclude Include="mouse_track_events.h">
      <Filter>Utils</Filter>
    </ClInclude>
    <ClInclude Include="d2d_svg.h">
      <Filter>D2DWindows</Filter>
    </ClInclude>
    <ClInclude Include="d2d_text.h">
      <Filter>D2DWindows</Filter>
    </ClInclude>
    <ClInclude Include="d2d_window.h">
      <Filter>D2DWindows</Filter>
    </ClInclude>
    <ClInclude Include="d2d_window_manager_popup.h">
      <Filter>D2DWindows</Filter>
    </ClInclude>
    <ClInclude Include="d2d_overlay_window.h">
      <Filter>D2DWindows</Filter>
    </ClInclude>
    <ClInclude Include="animation.h">
      <Filter>Utils</Filter>
    </ClInclude>
    <ClInclude Include="windows_colors.h">
      <Filter>Utils</Filter>
    </ClInclude>
  </ItemGroup>
  <ItemGroup>
    <Filter Include="Utils">
      <UniqueIdentifier>{bc27e9c1-8afa-4d62-8179-789f4651c0b6}</UniqueIdentifier>
    </Filter>
    <Filter Include="Functionality">
      <UniqueIdentifier>{ba8e1409-9389-41e1-a864-2df96b242c1d}</UniqueIdentifier>
    </Filter>
    <Filter Include="D2DWindows">
      <UniqueIdentifier>{4af3a1fd-df23-49bf-bb88-3f26fb178938}</UniqueIdentifier>
    </Filter>
    <Filter Include="svgs">
      <UniqueIdentifier>{1123565f-43ba-4eb8-a6f5-2d5f8f3ae6af}</UniqueIdentifier>
    </Filter>
  </ItemGroup>
  <ItemGroup>
    <ResourceCompile Include="powertoys.rc" />
  </ItemGroup>
  <ItemGroup>
    <None Include="svgs\0.svg">
      <Filter>svgs</Filter>
    </None>
    <None Include="svgs\1.svg">
      <Filter>svgs</Filter>
    </None>
    <None Include="svgs\2.svg">
      <Filter>svgs</Filter>
    </None>
    <None Include="svgs\3.svg">
      <Filter>svgs</Filter>
    </None>
    <None Include="svgs\4.svg">
      <Filter>svgs</Filter>
    </None>
    <None Include="svgs\5.svg">
      <Filter>svgs</Filter>
    </None>
    <None Include="svgs\6.svg">
      <Filter>svgs</Filter>
    </None>
    <None Include="svgs\7.svg">
      <Filter>svgs</Filter>
    </None>
    <None Include="svgs\8.svg">
      <Filter>svgs</Filter>
    </None>
    <None Include="svgs\9.svg">
      <Filter>svgs</Filter>
    </None>
    <None Include="svgs\restore_to_primary_desktop.svg">
      <Filter>svgs</Filter>
    </None>
    <None Include="svgs\maximize_to_new_desktop.svg">
      <Filter>svgs</Filter>
    </None>
    <None Include="svgs\no_active_window.svg">
      <Filter>svgs</Filter>
    </None>
    <None Include="svgs\overlay.svg">
      <Filter>svgs</Filter>
    </None>
    <None Include="svgs\overlay_portrait.svg">
      <Filter>svgs</Filter>
    </None>
  </ItemGroup>
  <ItemGroup>
    <Image Include="svgs\icon.ico">
      <Filter>svgs</Filter>
    </Image>
  </ItemGroup>
</Project>