<?xml version="1.0" encoding="utf-8"?>
<Project ToolsVersion="4.0" xmlns="http://schemas.microsoft.com/developer/msbuild/2003">
  <ItemGroup>
    <ClCompile Include="main.cpp" />
    <ClCompile Include="keyboard_watcher.cpp">
      <Filter>Utils</Filter>
    </ClCompile>
    <ClCompile Include="popup_window.cpp">
      <Filter>Utils</Filter>
    </ClCompile>
    <ClCompile Include="utils.cpp">
      <Filter>Utils</Filter>
    </ClCompile>
  </ItemGroup>
  <ItemGroup>
    <ClInclude Include="keyboard_watcher.h">
      <Filter>Utils</Filter>
    </ClInclude>
    <ClInclude Include="popup_window.h">
      <Filter>Utils</Filter>
    </ClInclude>
    <ClInclude Include="utils.h">
      <Filter>Utils</Filter>
    </ClInclude>
  </ItemGroup>
  <ItemGroup>
    <Filter Include="Utils">
      <UniqueIdentifier>{bc27e9c1-8afa-4d62-8179-789f4651c0b6}</UniqueIdentifier>
    </Filter>
  </ItemGroup>
</Project>