<?xml version="1.0" encoding="utf-8"?>
<Project ToolsVersion="4.0" xmlns="http://schemas.microsoft.com/developer/msbuild/2003">
  <ItemGroup>
    <ClCompile Include="main.cpp" />
    <ClCompile Include="keyboard_watcher.cpp">
      <Filter>Utils</Filter>
    </ClCompile>
    <ClCompile Include="popup_window.cpp">
      <Filter>Utils</Filter>
    </ClCompile>
    <ClCompile Include="utils.cpp">
      <Filter>Utils</Filter>
    </ClCompile>
    <ClCompile Include="winkey_handler.cpp">
      <Filter>Functionality</Filter>
    </ClCompile>
    <ClCompile Include="mouse_watcher.cpp">
      <Filter>Utils</Filter>
    </ClCompile>
    <ClCompile Include="mouse_handler.cpp">
      <Filter>Functionality</Filter>
    </ClCompile>
    <ClCompile Include="move_window.cpp">
      <Filter>Utils</Filter>
    </ClCompile>
    <ClCompile Include="monitors.cpp" />
  </ItemGroup>
  <ItemGroup>
    <ClInclude Include="keyboard_watcher.h">
      <Filter>Utils</Filter>
    </ClInclude>
    <ClInclude Include="popup_window.h">
      <Filter>Utils</Filter>
    </ClInclude>
    <ClInclude Include="utils.h">
      <Filter>Utils</Filter>
    </ClInclude>
    <ClInclude Include="functionalities.h">
      <Filter>Functionality</Filter>
    </ClInclude>
    <ClInclude Include="mouse_watcher.h">
      <Filter>Utils</Filter>
    </ClInclude>
    <ClInclude Include="move_window.h">
      <Filter>Utils</Filter>
    </ClInclude>
    <ClInclude Include="monitors.h" />
    <ClInclude Include="virtual_desktops.h">
      <Filter>Utils</Filter>
    </ClInclude>
  </ItemGroup>
  <ItemGroup>
    <Filter Include="Utils">
      <UniqueIdentifier>{bc27e9c1-8afa-4d62-8179-789f4651c0b6}</UniqueIdentifier>
    </Filter>
    <Filter Include="Functionality">
      <UniqueIdentifier>{ba8e1409-9389-41e1-a864-2df96b242c1d}</UniqueIdentifier>
    </Filter>
  </ItemGroup>
  <ItemGroup>
    <Text Include="readme.txt" />
  </ItemGroup>
</Project>